// !$*UTF8*$!
{
	archiveVersion = 1;
	classes = {
	};
	objectVersion = 46;
	objects = {

/* Begin PBXBuildFile section */
		8FD7A3A5183313CC00164E97 /* Foundation.framework in Frameworks */ = {isa = PBXBuildFile; fileRef = 8FD7A3A4183313CC00164E97 /* Foundation.framework */; };
		8FD7A3A7183313CC00164E97 /* CoreGraphics.framework in Frameworks */ = {isa = PBXBuildFile; fileRef = 8FD7A3A6183313CC00164E97 /* CoreGraphics.framework */; };
		8FD7A3A9183313CC00164E97 /* UIKit.framework in Frameworks */ = {isa = PBXBuildFile; fileRef = 8FD7A3A8183313CC00164E97 /* UIKit.framework */; };
		8FD7A3AB183313CC00164E97 /* GLKit.framework in Frameworks */ = {isa = PBXBuildFile; fileRef = 8FD7A3AA183313CC00164E97 /* GLKit.framework */; };
		8FD7A3AD183313CC00164E97 /* OpenGLES.framework in Frameworks */ = {isa = PBXBuildFile; fileRef = 8FD7A3AC183313CC00164E97 /* OpenGLES.framework */; };
		8FD7A3B3183313CC00164E97 /* InfoPlist.strings in Resources */ = {isa = PBXBuildFile; fileRef = 8FD7A3B1183313CC00164E97 /* InfoPlist.strings */; };
		8FD7A3B5183313CC00164E97 /* main.m in Sources */ = {isa = PBXBuildFile; fileRef = 8FD7A3B4183313CC00164E97 /* main.m */; };
		8FD7A3B9183313CC00164E97 /* SpriteAppDelegate.m in Sources */ = {isa = PBXBuildFile; fileRef = 8FD7A3B8183313CC00164E97 /* SpriteAppDelegate.m */; };
		8FD7A3BC183313CC00164E97 /* Main.storyboard in Resources */ = {isa = PBXBuildFile; fileRef = 8FD7A3BA183313CC00164E97 /* Main.storyboard */; };
		8FD7A3BE183313CC00164E97 /* Shader.fsh in Resources */ = {isa = PBXBuildFile; fileRef = 8FD7A3BD183313CC00164E97 /* Shader.fsh */; };
		8FD7A3C0183313CC00164E97 /* Shader.vsh in Resources */ = {isa = PBXBuildFile; fileRef = 8FD7A3BF183313CC00164E97 /* Shader.vsh */; };
		8FD7A3C3183313CC00164E97 /* SpriteViewController.m in Sources */ = {isa = PBXBuildFile; fileRef = 8FD7A3C2183313CC00164E97 /* SpriteViewController.m */; };
		8FD7A3C5183313CC00164E97 /* Images.xcassets in Resources */ = {isa = PBXBuildFile; fileRef = 8FD7A3C4183313CC00164E97 /* Images.xcassets */; };
		8FD7A3CC183313CC00164E97 /* XCTest.framework in Frameworks */ = {isa = PBXBuildFile; fileRef = 8FD7A3CB183313CC00164E97 /* XCTest.framework */; };
		8FD7A3CD183313CC00164E97 /* Foundation.framework in Frameworks */ = {isa = PBXBuildFile; fileRef = 8FD7A3A4183313CC00164E97 /* Foundation.framework */; };
		8FD7A3CE183313CC00164E97 /* UIKit.framework in Frameworks */ = {isa = PBXBuildFile; fileRef = 8FD7A3A8183313CC00164E97 /* UIKit.framework */; };
		8FD7A3D6183313CC00164E97 /* InfoPlist.strings in Resources */ = {isa = PBXBuildFile; fileRef = 8FD7A3D4183313CC00164E97 /* InfoPlist.strings */; };
		8FD7A3D8183313CC00164E97 /* openglTests.m in Sources */ = {isa = PBXBuildFile; fileRef = 8FD7A3D7183313CC00164E97 /* openglTests.m */; };
/* End PBXBuildFile section */

/* Begin PBXContainerItemProxy section */
		8FD7A3CF183313CC00164E97 /* PBXContainerItemProxy */ = {
			isa = PBXContainerItemProxy;
			containerPortal = 8FD7A399183313CC00164E97 /* Project object */;
			proxyType = 1;
			remoteGlobalIDString = 8FD7A3A0183313CC00164E97;
			remoteInfo = opengl;
		};
/* End PBXContainerItemProxy section */

/* Begin PBXFileReference section */
		8FD7A3A1183313CC00164E97 /* opengl.app */ = {isa = PBXFileReference; explicitFileType = wrapper.application; includeInIndex = 0; path = opengl.app; sourceTree = BUILT_PRODUCTS_DIR; };
		8FD7A3A4183313CC00164E97 /* Foundation.framework */ = {isa = PBXFileReference; lastKnownFileType = wrapper.framework; name = Foundation.framework; path = System/Library/Frameworks/Foundation.framework; sourceTree = SDKROOT; };
		8FD7A3A6183313CC00164E97 /* CoreGraphics.framework */ = {isa = PBXFileReference; lastKnownFileType = wrapper.framework; name = CoreGraphics.framework; path = System/Library/Frameworks/CoreGraphics.framework; sourceTree = SDKROOT; };
		8FD7A3A8183313CC00164E97 /* UIKit.framework */ = {isa = PBXFileReference; lastKnownFileType = wrapper.framework; name = UIKit.framework; path = System/Library/Frameworks/UIKit.framework; sourceTree = SDKROOT; };
		8FD7A3AA183313CC00164E97 /* GLKit.framework */ = {isa = PBXFileReference; lastKnownFileType = wrapper.framework; name = GLKit.framework; path = System/Library/Frameworks/GLKit.framework; sourceTree = SDKROOT; };
		8FD7A3AC183313CC00164E97 /* OpenGLES.framework */ = {isa = PBXFileReference; lastKnownFileType = wrapper.framework; name = OpenGLES.framework; path = System/Library/Frameworks/OpenGLES.framework; sourceTree = SDKROOT; };
		8FD7A3B0183313CC00164E97 /* opengl-Info.plist */ = {isa = PBXFileReference; lastKnownFileType = text.plist.xml; path = "opengl-Info.plist"; sourceTree = "<group>"; };
		8FD7A3B2183313CC00164E97 /* en */ = {isa = PBXFileReference; lastKnownFileType = text.plist.strings; name = en; path = en.lproj/InfoPlist.strings; sourceTree = "<group>"; };
		8FD7A3B4183313CC00164E97 /* main.m */ = {isa = PBXFileReference; lastKnownFileType = sourcecode.c.objc; path = main.m; sourceTree = "<group>"; };
		8FD7A3B6183313CC00164E97 /* opengl-Prefix.pch */ = {isa = PBXFileReference; lastKnownFileType = sourcecode.c.h; path = "opengl-Prefix.pch"; sourceTree = "<group>"; };
		8FD7A3B7183313CC00164E97 /* SpriteAppDelegate.h */ = {isa = PBXFileReference; lastKnownFileType = sourcecode.c.h; path = SpriteAppDelegate.h; sourceTree = "<group>"; };
		8FD7A3B8183313CC00164E97 /* SpriteAppDelegate.m */ = {isa = PBXFileReference; lastKnownFileType = sourcecode.c.objc; path = SpriteAppDelegate.m; sourceTree = "<group>"; };
		8FD7A3BB183313CC00164E97 /* Base */ = {isa = PBXFileReference; lastKnownFileType = file.storyboard; name = Base; path = Base.lproj/Main.storyboard; sourceTree = "<group>"; };
		8FD7A3BD183313CC00164E97 /* Shader.fsh */ = {isa = PBXFileReference; lastKnownFileType = sourcecode.glsl; name = Shader.fsh; path = Shaders/Shader.fsh; sourceTree = "<group>"; };
		8FD7A3BF183313CC00164E97 /* Shader.vsh */ = {isa = PBXFileReference; lastKnownFileType = sourcecode.glsl; name = Shader.vsh; path = Shaders/Shader.vsh; sourceTree = "<group>"; };
		8FD7A3C1183313CC00164E97 /* SpriteViewController.h */ = {isa = PBXFileReference; lastKnownFileType = sourcecode.c.h; path = SpriteViewController.h; sourceTree = "<group>"; };
		8FD7A3C2183313CC00164E97 /* SpriteViewController.m */ = {isa = PBXFileReference; lastKnownFileType = sourcecode.c.objc; path = SpriteViewController.m; sourceTree = "<group>"; };
		8FD7A3C4183313CC00164E97 /* Images.xcassets */ = {isa = PBXFileReference; lastKnownFileType = folder.assetcatalog; path = Images.xcassets; sourceTree = "<group>"; };
		8FD7A3CA183313CC00164E97 /* openglTests.xctest */ = {isa = PBXFileReference; explicitFileType = wrapper.cfbundle; includeInIndex = 0; path = openglTests.xctest; sourceTree = BUILT_PRODUCTS_DIR; };
		8FD7A3CB183313CC00164E97 /* XCTest.framework */ = {isa = PBXFileReference; lastKnownFileType = wrapper.framework; name = XCTest.framework; path = Library/Frameworks/XCTest.framework; sourceTree = DEVELOPER_DIR; };
		8FD7A3D3183313CC00164E97 /* openglTests-Info.plist */ = {isa = PBXFileReference; lastKnownFileType = text.plist.xml; path = "openglTests-Info.plist"; sourceTree = "<group>"; };
		8FD7A3D5183313CC00164E97 /* en */ = {isa = PBXFileReference; lastKnownFileType = text.plist.strings; name = en; path = en.lproj/InfoPlist.strings; sourceTree = "<group>"; };
		8FD7A3D7183313CC00164E97 /* openglTests.m */ = {isa = PBXFileReference; lastKnownFileType = sourcecode.c.objc; path = openglTests.m; sourceTree = "<group>"; };
/* End PBXFileReference section */

/* Begin PBXFrameworksBuildPhase section */
		8FD7A39E183313CC00164E97 /* Frameworks */ = {
			isa = PBXFrameworksBuildPhase;
			buildActionMask = 2147483647;
			files = (
				8FD7A3AD183313CC00164E97 /* OpenGLES.framework in Frameworks */,
				8FD7A3A7183313CC00164E97 /* CoreGraphics.framework in Frameworks */,
				8FD7A3A9183313CC00164E97 /* UIKit.framework in Frameworks */,
				8FD7A3AB183313CC00164E97 /* GLKit.framework in Frameworks */,
				8FD7A3A5183313CC00164E97 /* Foundation.framework in Frameworks */,
			);
			runOnlyForDeploymentPostprocessing = 0;
		};
		8FD7A3C7183313CC00164E97 /* Frameworks */ = {
			isa = PBXFrameworksBuildPhase;
			buildActionMask = 2147483647;
			files = (
				8FD7A3CC183313CC00164E97 /* XCTest.framework in Frameworks */,
				8FD7A3CE183313CC00164E97 /* UIKit.framework in Frameworks */,
				8FD7A3CD183313CC00164E97 /* Foundation.framework in Frameworks */,
			);
			runOnlyForDeploymentPostprocessing = 0;
		};
/* End PBXFrameworksBuildPhase section */

/* Begin PBXGroup section */
		8FD7A398183313CC00164E97 = {
			isa = PBXGroup;
			children = (
				8FD7A3AE183313CC00164E97 /* opengl */,
				8FD7A3D1183313CC00164E97 /* openglTests */,
				8FD7A3A3183313CC00164E97 /* Frameworks */,
				8FD7A3A2183313CC00164E97 /* Products */,
			);
			sourceTree = "<group>";
		};
		8FD7A3A2183313CC00164E97 /* Products */ = {
			isa = PBXGroup;
			children = (
				8FD7A3A1183313CC00164E97 /* opengl.app */,
				8FD7A3CA183313CC00164E97 /* openglTests.xctest */,
			);
			name = Products;
			sourceTree = "<group>";
		};
		8FD7A3A3183313CC00164E97 /* Frameworks */ = {
			isa = PBXGroup;
			children = (
				8FD7A3A4183313CC00164E97 /* Foundation.framework */,
				8FD7A3A6183313CC00164E97 /* CoreGraphics.framework */,
				8FD7A3A8183313CC00164E97 /* UIKit.framework */,
				8FD7A3AA183313CC00164E97 /* GLKit.framework */,
				8FD7A3AC183313CC00164E97 /* OpenGLES.framework */,
				8FD7A3CB183313CC00164E97 /* XCTest.framework */,
			);
			name = Frameworks;
			sourceTree = "<group>";
		};
		8FD7A3AE183313CC00164E97 /* opengl */ = {
			isa = PBXGroup;
			children = (
				8FD7A3B7183313CC00164E97 /* SpriteAppDelegate.h */,
				8FD7A3B8183313CC00164E97 /* SpriteAppDelegate.m */,
				8FD7A3BA183313CC00164E97 /* Main.storyboard */,
				8FD7A3BD183313CC00164E97 /* Shader.fsh */,
				8FD7A3BF183313CC00164E97 /* Shader.vsh */,
				8FD7A3C1183313CC00164E97 /* SpriteViewController.h */,
				8FD7A3C2183313CC00164E97 /* SpriteViewController.m */,
				8FD7A3C4183313CC00164E97 /* Images.xcassets */,
				8FD7A3AF183313CC00164E97 /* Supporting Files */,
			);
			path = opengl;
			sourceTree = "<group>";
		};
		8FD7A3AF183313CC00164E97 /* Supporting Files */ = {
			isa = PBXGroup;
			children = (
				8FD7A3B0183313CC00164E97 /* opengl-Info.plist */,
				8FD7A3B1183313CC00164E97 /* InfoPlist.strings */,
				8FD7A3B4183313CC00164E97 /* main.m */,
				8FD7A3B6183313CC00164E97 /* opengl-Prefix.pch */,
			);
			name = "Supporting Files";
			sourceTree = "<group>";
		};
		8FD7A3D1183313CC00164E97 /* openglTests */ = {
			isa = PBXGroup;
			children = (
				8FD7A3D7183313CC00164E97 /* openglTests.m */,
				8FD7A3D2183313CC00164E97 /* Supporting Files */,
			);
			path = openglTests;
			sourceTree = "<group>";
		};
		8FD7A3D2183313CC00164E97 /* Supporting Files */ = {
			isa = PBXGroup;
			children = (
				8FD7A3D3183313CC00164E97 /* openglTests-Info.plist */,
				8FD7A3D4183313CC00164E97 /* InfoPlist.strings */,
			);
			name = "Supporting Files";
			sourceTree = "<group>";
		};
/* End PBXGroup section */

/* Begin PBXNativeTarget section */
		8FD7A3A0183313CC00164E97 /* opengl */ = {
			isa = PBXNativeTarget;
			buildConfigurationList = 8FD7A3DB183313CC00164E97 /* Build configuration list for PBXNativeTarget "opengl" */;
			buildPhases = (
				8FD7A39D183313CC00164E97 /* Sources */,
				8FD7A39E183313CC00164E97 /* Frameworks */,
				8FD7A39F183313CC00164E97 /* Resources */,
			);
			buildRules = (
			);
			dependencies = (
			);
			name = opengl;
			productName = opengl;
			productReference = 8FD7A3A1183313CC00164E97 /* opengl.app */;
			productType = "com.apple.product-type.application";
		};
		8FD7A3C9183313CC00164E97 /* openglTests */ = {
			isa = PBXNativeTarget;
			buildConfigurationList = 8FD7A3DE183313CC00164E97 /* Build configuration list for PBXNativeTarget "openglTests" */;
			buildPhases = (
				8FD7A3C6183313CC00164E97 /* Sources */,
				8FD7A3C7183313CC00164E97 /* Frameworks */,
				8FD7A3C8183313CC00164E97 /* Resources */,
			);
			buildRules = (
			);
			dependencies = (
				8FD7A3D0183313CC00164E97 /* PBXTargetDependency */,
			);
			name = openglTests;
			productName = openglTests;
			productReference = 8FD7A3CA183313CC00164E97 /* openglTests.xctest */;
			productType = "com.apple.product-type.bundle.unit-test";
		};
/* End PBXNativeTarget section */

/* Begin PBXProject section */
		8FD7A399183313CC00164E97 /* Project object */ = {
			isa = PBXProject;
			attributes = {
				CLASSPREFIX = Sprite;
				LastUpgradeCheck = 0500;
				ORGANIZATIONNAME = rangex;
				TargetAttributes = {
					8FD7A3C9183313CC00164E97 = {
						TestTargetID = 8FD7A3A0183313CC00164E97;
					};
				};
			};
			buildConfigurationList = 8FD7A39C183313CC00164E97 /* Build configuration list for PBXProject "opengl" */;
			compatibilityVersion = "Xcode 3.2";
			developmentRegion = English;
			hasScannedForEncodings = 0;
			knownRegions = (
				en,
				Base,
			);
			mainGroup = 8FD7A398183313CC00164E97;
			productRefGroup = 8FD7A3A2183313CC00164E97 /* Products */;
			projectDirPath = "";
			projectRoot = "";
			targets = (
				8FD7A3A0183313CC00164E97 /* opengl */,
				8FD7A3C9183313CC00164E97 /* openglTests */,
			);
		};
/* End PBXProject section */

/* Begin PBXResourcesBuildPhase section */
		8FD7A39F183313CC00164E97 /* Resources */ = {
			isa = PBXResourcesBuildPhase;
			buildActionMask = 2147483647;
			files = (
				8FD7A3C0183313CC00164E97 /* Shader.vsh in Resources */,
				8FD7A3C5183313CC00164E97 /* Images.xcassets in Resources */,
				8FD7A3BE183313CC00164E97 /* Shader.fsh in Resources */,
				8FD7A3B3183313CC00164E97 /* InfoPlist.strings in Resources */,
				8FD7A3BC183313CC00164E97 /* Main.storyboard in Resources */,
			);
			runOnlyForDeploymentPostprocessing = 0;
		};
		8FD7A3C8183313CC00164E97 /* Resources */ = {
			isa = PBXResourcesBuildPhase;
			buildActionMask = 2147483647;
			files = (
				8FD7A3D6183313CC00164E97 /* InfoPlist.strings in Resources */,
			);
			runOnlyForDeploymentPostprocessing = 0;
		};
/* End PBXResourcesBuildPhase section */

/* Begin PBXSourcesBuildPhase section */
		8FD7A39D183313CC00164E97 /* Sources */ = {
			isa = PBXSourcesBuildPhase;
			buildActionMask = 2147483647;
			files = (
				8FD7A3B5183313CC00164E97 /* main.m in Sources */,
				8FD7A3B9183313CC00164E97 /* SpriteAppDelegate.m in Sources */,
				8FD7A3C3183313CC00164E97 /* SpriteViewController.m in Sources */,
			);
			runOnlyForDeploymentPostprocessing = 0;
		};
		8FD7A3C6183313CC00164E97 /* Sources */ = {
			isa = PBXSourcesBuildPhase;
			buildActionMask = 2147483647;
			files = (
				8FD7A3D8183313CC00164E97 /* openglTests.m in Sources */,
			);
			runOnlyForDeploymentPostprocessing = 0;
		};
/* End PBXSourcesBuildPhase section */

/* Begin PBXTargetDependency section */
		8FD7A3D0183313CC00164E97 /* PBXTargetDependency */ = {
			isa = PBXTargetDependency;
			target = 8FD7A3A0183313CC00164E97 /* opengl */;
			targetProxy = 8FD7A3CF183313CC00164E97 /* PBXContainerItemProxy */;
		};
/* End PBXTargetDependency section */

/* Begin PBXVariantGroup section */
		8FD7A3B1183313CC00164E97 /* InfoPlist.strings */ = {
			isa = PBXVariantGroup;
			children = (
				8FD7A3B2183313CC00164E97 /* en */,
			);
			name = InfoPlist.strings;
			sourceTree = "<group>";
		};
		8FD7A3BA183313CC00164E97 /* Main.storyboard */ = {
			isa = PBXVariantGroup;
			children = (
				8FD7A3BB183313CC00164E97 /* Base */,
			);
			name = Main.storyboard;
			sourceTree = "<group>";
		};
		8FD7A3D4183313CC00164E97 /* InfoPlist.strings */ = {
			isa = PBXVariantGroup;
			children = (
				8FD7A3D5183313CC00164E97 /* en */,
			);
			name = InfoPlist.strings;
			sourceTree = "<group>";
		};
/* End PBXVariantGroup section */

/* Begin XCBuildConfiguration section */
		8FD7A3D9183313CC00164E97 /* Debug */ = {
			isa = XCBuildConfiguration;
			buildSettings = {
				ALWAYS_SEARCH_USER_PATHS = NO;
				ARCHS = "$(ARCHS_STANDARD_INCLUDING_64_BIT)";
				CLANG_CXX_LANGUAGE_STANDARD = "gnu++0x";
				CLANG_CXX_LIBRARY = "libc++";
				CLANG_ENABLE_MODULES = YES;
				CLANG_ENABLE_OBJC_ARC = YES;
				CLANG_WARN_BOOL_CONVERSION = YES;
				CLANG_WARN_CONSTANT_CONVERSION = YES;
				CLANG_WARN_DIRECT_OBJC_ISA_USAGE = YES_ERROR;
				CLANG_WARN_EMPTY_BODY = YES;
				CLANG_WARN_ENUM_CONVERSION = YES;
				CLANG_WARN_INT_CONVERSION = YES;
				CLANG_WARN_OBJC_ROOT_CLASS = YES_ERROR;
				CLANG_WARN__DUPLICATE_METHOD_MATCH = YES;
				"CODE_SIGN_IDENTITY[sdk=iphoneos*]" = "iPhone Developer";
				COPY_PHASE_STRIP = NO;
				GCC_C_LANGUAGE_STANDARD = gnu99;
				GCC_DYNAMIC_NO_PIC = NO;
				GCC_OPTIMIZATION_LEVEL = 0;
				GCC_PREPROCESSOR_DEFINITIONS = (
					"DEBUG=1",
					"$(inherited)",
				);
				GCC_SYMBOLS_PRIVATE_EXTERN = NO;
				GCC_WARN_64_TO_32_BIT_CONVERSION = YES;
				GCC_WARN_ABOUT_RETURN_TYPE = YES_ERROR;
				GCC_WARN_UNDECLARED_SELECTOR = YES;
				GCC_WARN_UNINITIALIZED_AUTOS = YES;
				GCC_WARN_UNUSED_FUNCTION = YES;
				GCC_WARN_UNUSED_VARIABLE = YES;
				IPHONEOS_DEPLOYMENT_TARGET = 7.0;
				ONLY_ACTIVE_ARCH = YES;
				SDKROOT = iphoneos;
			};
			name = Debug;
		};
		8FD7A3DA183313CC00164E97 /* Release */ = {
			isa = XCBuildConfiguration;
			buildSettings = {
				ALWAYS_SEARCH_USER_PATHS = NO;
				ARCHS = "$(ARCHS_STANDARD_INCLUDING_64_BIT)";
				CLANG_CXX_LANGUAGE_STANDARD = "gnu++0x";
				CLANG_CXX_LIBRARY = "libc++";
				CLANG_ENABLE_MODULES = YES;
				CLANG_ENABLE_OBJC_ARC = YES;
				CLANG_WARN_BOOL_CONVERSION = YES;
				CLANG_WARN_CONSTANT_CONVERSION = YES;
				CLANG_WARN_DIRECT_OBJC_ISA_USAGE = YES_ERROR;
				CLANG_WARN_EMPTY_BODY = YES;
				CLANG_WARN_ENUM_CONVERSION = YES;
				CLANG_WARN_INT_CONVERSION = YES;
				CLANG_WARN_OBJC_ROOT_CLASS = YES_ERROR;
				CLANG_WARN__DUPLICATE_METHOD_MATCH = YES;
				"CODE_SIGN_IDENTITY[sdk=iphoneos*]" = "iPhone Developer";
				COPY_PHASE_STRIP = YES;
				ENABLE_NS_ASSERTIONS = NO;
				GCC_C_LANGUAGE_STANDARD = gnu99;
				GCC_WARN_64_TO_32_BIT_CONVERSION = YES;
				GCC_WARN_ABOUT_RETURN_TYPE = YES_ERROR;
				GCC_WARN_UNDECLARED_SELECTOR = YES;
				GCC_WARN_UNINITIALIZED_AUTOS = YES;
				GCC_WARN_UNUSED_FUNCTION = YES;
				GCC_WARN_UNUSED_VARIABLE = YES;
				IPHONEOS_DEPLOYMENT_TARGET = 7.0;
				SDKROOT = iphoneos;
				VALIDATE_PRODUCT = YES;
			};
			name = Release;
		};
		8FD7A3DC183313CC00164E97 /* Debug */ = {
			isa = XCBuildConfiguration;
			buildSettings = {
				ASSETCATALOG_COMPILER_APPICON_NAME = AppIcon;
				ASSETCATALOG_COMPILER_LAUNCHIMAGE_NAME = LaunchImage;
				GCC_PRECOMPILE_PREFIX_HEADER = YES;
				GCC_PREFIX_HEADER = "opengl/opengl-Prefix.pch";
				INFOPLIST_FILE = "opengl/opengl-Info.plist";
				PRODUCT_NAME = "$(TARGET_NAME)";
				WRAPPER_EXTENSION = app;
			};
			name = Debug;
		};
		8FD7A3DD183313CC00164E97 /* Release */ = {
			isa = XCBuildConfiguration;
			buildSettings = {
				ASSETCATALOG_COMPILER_APPICON_NAME = AppIcon;
				ASSETCATALOG_COMPILER_LAUNCHIMAGE_NAME = LaunchImage;
				GCC_PRECOMPILE_PREFIX_HEADER = YES;
				GCC_PREFIX_HEADER = "opengl/opengl-Prefix.pch";
				INFOPLIST_FILE = "opengl/opengl-Info.plist";
				PRODUCT_NAME = "$(TARGET_NAME)";
				WRAPPER_EXTENSION = app;
			};
			name = Release;
		};
		8FD7A3DF183313CC00164E97 /* Debug */ = {
			isa = XCBuildConfiguration;
			buildSettings = {
				ARCHS = "$(ARCHS_STANDARD_INCLUDING_64_BIT)";
				BUNDLE_LOADER = "$(BUILT_PRODUCTS_DIR)/opengl.app/opengl";
				FRAMEWORK_SEARCH_PATHS = (
					"$(SDKROOT)/Developer/Library/Frameworks",
					"$(inherited)",
					"$(DEVELOPER_FRAMEWORKS_DIR)",
				);
				GCC_PRECOMPILE_PREFIX_HEADER = YES;
				GCC_PREFIX_HEADER = "opengl/opengl-Prefix.pch";
				GCC_PREPROCESSOR_DEFINITIONS = (
					"DEBUG=1",
					"$(inherited)",
				);
				INFOPLIST_FILE = "openglTests/openglTests-Info.plist";
				PRODUCT_NAME = "$(TARGET_NAME)";
				TEST_HOST = "$(BUNDLE_LOADER)";
				WRAPPER_EXTENSION = xctest;
			};
			name = Debug;
		};
		8FD7A3E0183313CC00164E97 /* Release */ = {
			isa = XCBuildConfiguration;
			buildSettings = {
				ARCHS = "$(ARCHS_STANDARD_INCLUDING_64_BIT)";
				BUNDLE_LOADER = "$(BUILT_PRODUCTS_DIR)/opengl.app/opengl";
				FRAMEWORK_SEARCH_PATHS = (
					"$(SDKROOT)/Developer/Library/Frameworks",
					"$(inherited)",
					"$(DEVELOPER_FRAMEWORKS_DIR)",
				);
				GCC_PRECOMPILE_PREFIX_HEADER = YES;
				GCC_PREFIX_HEADER = "opengl/opengl-Prefix.pch";
				INFOPLIST_FILE = "openglTests/openglTests-Info.plist";
				PRODUCT_NAME = "$(TARGET_NAME)";
				TEST_HOST = "$(BUNDLE_LOADER)";
				WRAPPER_EXTENSION = xctest;
			};
			name = Release;
		};
/* End XCBuildConfiguration section */

/* Begin XCConfigurationList section */
		8FD7A39C183313CC00164E97 /* Build configuration list for PBXProject "opengl" */ = {
			isa = XCConfigurationList;
			buildConfigurations = (
				8FD7A3D9183313CC00164E97 /* Debug */,
				8FD7A3DA183313CC00164E97 /* Release */,
			);
			defaultConfigurationIsVisible = 0;
			defaultConfigurationName = Release;
		};
		8FD7A3DB183313CC00164E97 /* Build configuration list for PBXNativeTarget "opengl" */ = {
			isa = XCConfigurationList;
			buildConfigurations = (
				8FD7A3DC183313CC00164E97 /* Debug */,
				8FD7A3DD183313CC00164E97 /* Release */,
			);
			defaultConfigurationIsVisible = 0;
		};
		8FD7A3DE183313CC00164E97 /* Build configuration list for PBXNativeTarget "openglTests" */ = {
			isa = XCConfigurationList;
			buildConfigurations = (
				8FD7A3DF183313CC00164E97 /* Debug */,
				8FD7A3E0183313CC00164E97 /* Release */,
			);
			defaultConfigurationIsVisible = 0;
		};
/* End XCConfigurationList section */
	};
	rootObject = 8FD7A399183313CC00164E97 /* Project object */;
}
